
Microsoft Visual Studio Solution File, Format Version 12.00
# Visual Studio Version 17
VisualStudioVersion = 17.10.35027.167
MinimumVisualStudioVersion = 10.0.40219.1
Project("{FAE04EC0-301F-11D3-BF4B-00C04F79EFBC}") = "ServalBuildReport", "ServalBuildReport.csproj", "{2D90332D-C2BB-4E48-AB9A-AD611D4EF276}"
EndProject
Global
	GlobalSection(SolutionConfigurationPlatforms) = preSolution
		Debug|Any CPU = Debug|Any CPU
		Release|Any CPU = Release|Any CPU
	EndGlobalSection
	GlobalSection(ProjectConfigurationPlatforms) = postSolution
		{2D90332D-C2BB-4E48-AB9A-AD611D4EF276}.Debug|Any CPU.ActiveCfg = Debug|Any CPU
		{2D90332D-C2BB-4E48-AB9A-AD611D4EF276}.Debug|Any CPU.Build.0 = Debug|Any CPU
		{2D90332D-C2BB-4E48-AB9A-AD611D4EF276}.Release|Any CPU.ActiveCfg = Release|Any CPU
		{2D90332D-C2BB-4E48-AB9A-AD611D4EF276}.Release|Any CPU.Build.0 = Release|Any CPU
	EndGlobalSection
	GlobalSection(SolutionProperties) = preSolution
		HideSolutionNode = FALSE
	EndGlobalSection
	GlobalSection(ExtensibilityGlobals) = postSolution
		SolutionGuid = {D2D7F186-E83C-4F8B-B410-0465FCC9AD7A}
	EndGlobalSection
EndGlobal
