
Microsoft Visual Studio Solution File, Format Version 12.00
# Visual Studio Version 17
VisualStudioVersion = 17.4.33213.308
MinimumVisualStudioVersion = 10.0.40219.1
Project("{FAE04EC0-301F-11D3-BF4B-00C04F79EFBC}") = "CommentGenerator", "CommentGenerator.csproj", "{532CC163-E975-44CD-AB49-1BE22DF2B343}"
EndProject
Global
	GlobalSection(SolutionConfigurationPlatforms) = preSolution
		Debug|Any CPU = Debug|Any CPU
		Release|Any CPU = Release|Any CPU
	EndGlobalSection
	GlobalSection(ProjectConfigurationPlatforms) = postSolution
		{532CC163-E975-44CD-AB49-1BE22DF2B343}.Debug|Any CPU.ActiveCfg = Debug|Any CPU
		{532CC163-E975-44CD-AB49-1BE22DF2B343}.Debug|Any CPU.Build.0 = Debug|Any CPU
		{532CC163-E975-44CD-AB49-1BE22DF2B343}.Release|Any CPU.ActiveCfg = Release|Any CPU
		{532CC163-E975-44CD-AB49-1BE22DF2B343}.Release|Any CPU.Build.0 = Release|Any CPU
	EndGlobalSection
	GlobalSection(SolutionProperties) = preSolution
		HideSolutionNode = FALSE
	EndGlobalSection
	GlobalSection(ExtensibilityGlobals) = postSolution
		SolutionGuid = {2FB16FB6-60E2-4D4A-8A86-C4A6918CD808}
	EndGlobalSection
EndGlobal
