
Microsoft Visual Studio Solution File, Format Version 12.00
# Visual Studio Version 17
VisualStudioVersion = 17.6.33815.320
MinimumVisualStudioVersion = 10.0.40219.1
Project("{FAE04EC0-301F-11D3-BF4B-00C04F79EFBC}") = "ptxplugin", "ptxplugin\ptxplugin.csproj", "{9B5145F5-32FB-47E3-AD01-423E2C453446}"
EndProject
Global
	GlobalSection(SolutionConfigurationPlatforms) = preSolution
		Debug|Any CPU = Debug|Any CPU
		Release|Any CPU = Release|Any CPU
	EndGlobalSection
	GlobalSection(ProjectConfigurationPlatforms) = postSolution
		{9B5145F5-32FB-47E3-AD01-423E2C453446}.Debug|Any CPU.ActiveCfg = Debug|Any CPU
		{9B5145F5-32FB-47E3-AD01-423E2C453446}.Debug|Any CPU.Build.0 = Debug|Any CPU
		{9B5145F5-32FB-47E3-AD01-423E2C453446}.Release|Any CPU.ActiveCfg = Release|Any CPU
		{9B5145F5-32FB-47E3-AD01-423E2C453446}.Release|Any CPU.Build.0 = Release|Any CPU
	EndGlobalSection
	GlobalSection(SolutionProperties) = preSolution
		HideSolutionNode = FALSE
	EndGlobalSection
	GlobalSection(ExtensibilityGlobals) = postSolution
		SolutionGuid = {A7D4E542-C52A-4998-B25F-7CC74BED6E08}
	EndGlobalSection
EndGlobal
