
Microsoft Visual Studio Solution File, Format Version 12.00
# Visual Studio Version 16
VisualStudioVersion = 16.0.30611.23
MinimumVisualStudioVersion = 10.0.40219.1
Project("{9A19103F-16F7-4668-BE54-9A1E7A4F7556}") = "SourceTargetSplitting", "SourceTargetSplitting.csproj", "{493C9F3A-0728-4188-A24F-DEDCA0A3DCEF}"
EndProject
Project("{9A19103F-16F7-4668-BE54-9A1E7A4F7556}") = "SIL.XForge", "..\..\SIL.XForge\SIL.XForge.csproj", "{9F736796-B98F-4670-9171-867AC389252F}"
EndProject
Project("{9A19103F-16F7-4668-BE54-9A1E7A4F7556}") = "SIL.XForge.Scripture", "..\..\SIL.XForge.Scripture\SIL.XForge.Scripture.csproj", "{9947E2FD-1ED3-4364-BE6B-F6EADCD33ACB}"
EndProject
Global
	GlobalSection(SolutionConfigurationPlatforms) = preSolution
		Debug|Any CPU = Debug|Any CPU
		Release|Any CPU = Release|Any CPU
	EndGlobalSection
	GlobalSection(ProjectConfigurationPlatforms) = postSolution
		{493C9F3A-0728-4188-A24F-DEDCA0A3DCEF}.Debug|Any CPU.ActiveCfg = Debug|Any CPU
		{493C9F3A-0728-4188-A24F-DEDCA0A3DCEF}.Debug|Any CPU.Build.0 = Debug|Any CPU
		{493C9F3A-0728-4188-A24F-DEDCA0A3DCEF}.Release|Any CPU.ActiveCfg = Release|Any CPU
		{493C9F3A-0728-4188-A24F-DEDCA0A3DCEF}.Release|Any CPU.Build.0 = Release|Any CPU
		{9F736796-B98F-4670-9171-867AC389252F}.Debug|Any CPU.ActiveCfg = Debug|Any CPU
		{9F736796-B98F-4670-9171-867AC389252F}.Debug|Any CPU.Build.0 = Debug|Any CPU
		{9F736796-B98F-4670-9171-867AC389252F}.Release|Any CPU.ActiveCfg = Release|Any CPU
		{9F736796-B98F-4670-9171-867AC389252F}.Release|Any CPU.Build.0 = Release|Any CPU
		{9947E2FD-1ED3-4364-BE6B-F6EADCD33ACB}.Debug|Any CPU.ActiveCfg = Debug|Any CPU
		{9947E2FD-1ED3-4364-BE6B-F6EADCD33ACB}.Debug|Any CPU.Build.0 = Debug|Any CPU
		{9947E2FD-1ED3-4364-BE6B-F6EADCD33ACB}.Release|Any CPU.ActiveCfg = Release|Any CPU
		{9947E2FD-1ED3-4364-BE6B-F6EADCD33ACB}.Release|Any CPU.Build.0 = Release|Any CPU
	EndGlobalSection
	GlobalSection(SolutionProperties) = preSolution
		HideSolutionNode = FALSE
	EndGlobalSection
	GlobalSection(ExtensibilityGlobals) = postSolution
		SolutionGuid = {95F0A210-D2EA-4FD4-BA56-09295C1BEA04}
	EndGlobalSection
EndGlobal
