lockfileVersion: '9.0'

settings:
  autoInstallPeers: true
  excludeLinksFromLockfile: false

importers:

  .:
    dependencies:
      '@sillsdev/scripture':
        specifier: ^1.4.3
        version: 1.4.3
      ajv:
        specifier: ^8.20.0
        version: 8.20.0
      ajv-bsontype:
        specifier: ^1.0.7
        version: 1.0.7
      axios:
        specifier: ^1.19.0
        version: 1.19.0
      fast-diff:
        specifier: ^1.3.0
        version: 1.3.0
      mongodb:
        specifier: ^4.17.2
        version: 4.17.2
      ot-json0:
        specifier: ^1.1.0
        version: 1.1.0
      rich-text:
        specifier: ^4.1.0
        version: 4.1.0
      sharedb:
        specifier: ^1.9.2
        version: 1.9.2
      sharedb-access:
        specifier: ^5.0.0
        version: 5.0.0
      sharedb-mongo:
        specifier: ^1.0.0
        version: 1.0.0
      socket.io-client:
        specifier: ^4.8.3
        version: 4.8.3
      ws:
        specifier: ^8.21.1
        version: 8.21.1
      yargs:
        specifier: ^17.7.3
        version: 17.7.3
    devDependencies:
      '@types/ajv-bsontype':
        specifier: ^1.0.4
        version: 1.0.4
      '@types/mongodb':
        specifier: ^3.6.20
        version: 3.6.20
      '@types/node':
        specifier: ^16.18.126
        version: 16.18.126
      '@types/ws':
        specifier: ^8.18.1
        version: 8.18.1
      '@types/yargs':
        specifier: ^17.0.35
        version: 17.0.35
      sharedb-mingo-memory:
        specifier: ^1.2.0
        version: 1.2.0(sharedb@1.9.2)
      ts-node:
        specifier: ^10.9.2
        version: 10.9.2(@types/node@16.18.126)(typescript@5.9.3)
      tslib:
        specifier: ^2.8.1
        version: 2.8.1
      typescript:
        specifier: ~5.9.3
        version: 5.9.3

packages:

  '@aws-sdk/core@3.977.4':
    resolution: {integrity: sha512-CEkcQlMOQJCvul60U7wdAOACjtdgFWDsfJI+6wUOGdhGNV2lGbuJpi/R50QLpFG3Tp+sQxa/RmzC3X7KHbhuTA==}
    engines: {node: '>=20.0.0'}
    deprecated: |-
      Deprecated due to Document number parsing bug in JSON, see
        https://github.com/aws/aws-sdk-js-v3/issues/8246. Newer version available.

  '@aws-sdk/credential-provider-cognito-identity@3.972.64':
    resolution: {integrity: sha512-bilBheDT6GKnFkPnovgt1HL5spmnTCntm8w+hO3bmjnlZ8qMhqfQ1RJYPRTNsPlXaCcBXWUtg+zn/NM6WQUXoA==}
    engines: {node: '>=20.0.0'}

  '@aws-sdk/credential-provider-env@3.972.65':
    resolution: {integrity: sha512-lJT2aRw9wCV8jPHyFJjdZLD4HTydL6/22AnCSOB8e/LqOc55nEJGLHkJQeSxhn8QiqyjFwPKQFtMw0ovjRUY/g==}
    engines: {node: '>=20.0.0'}

  '@aws-sdk/credential-provider-http@3.972.67':
    resolution: {integrity: sha512-N7fw/15hSwI/CPxe5ohOyb7O4ge9f5me1gVIn8OIkBRB0squ8OJqQyDyH/HoL+Sb1W5xdC88jVC+bHkw73iu+Q==}
    engines: {node: '>=20.0.0'}

  '@aws-sdk/credential-provider-ini@3.973.10':
    resolution: {integrity: sha512-Zh9XRaPnDN9buO7GfWBubS22R6Nq5D6hbyYEMN05LiOnXugm/8WDjUx6y756bSPbdn3aJB2qG4zFW3bN82QhoQ==}
    engines: {node: '>=20.0.0'}

  '@aws-sdk/credential-provider-login@3.972.72':
    resolution: {integrity: sha512-zZapIKwaHp7TdTf9hbH1I3CVUdEupmt7FXO/BoTQGC+4h6NkXKWpqF2p5WyfpjurDLHCpSyh+BzMlAg8arqWLA==}
    engines: {node: '>=20.0.0'}

  '@aws-sdk/credential-provider-node@3.972.76':
    resolution: {integrity: sha512-1yzLmRiYSgGC25v7ZZEwJn/auhHHTIHgFOmzL2f36hf1+7jSLcX+1QrAz4760WEzPiiQl8xmlpFhHfl2OoyVzA==}
    engines: {node: '>=20.0.0'}

  '@aws-sdk/credential-provider-process@3.972.65':
    resolution: {integrity: sha512-e5DbbNteOSalN58U83G6kFa4ECLEuGbGqNBHIXE7zYXA/m4GHblIGjFbSH7wYv6gBV8iNSDcRZBKfQZF5vF9nw==}
    engines: {node: '>=20.0.0'}

  '@aws-sdk/credential-provider-sso@3.973.9':
    resolution: {integrity: sha512-0V0u4t+KBku9fbh5CPCaC5hUWwSzDafp8nCuDy817zWbp2gz80jO44rMQkiwnZ+k54B+tjAtzRy00DJRGTKGBg==}
    engines: {node: '>=20.0.0'}

  '@aws-sdk/credential-provider-web-identity@3.972.71':
    resolution: {integrity: sha512-e4dwiRltGAaQ+2yxw57Hj0l/BF3BHiG14+QpYE7bGYBlpAq/fkIri2BDhjWon8c0mhhtd2txQBAkQb9BcTStFg==}
    engines: {node: '>=20.0.0'}

  '@aws-sdk/credential-providers@3.1101.0':
    resolution: {integrity: sha512-w19SnW8MMP/tFghHRA6zmKQJar/BVdrFq4leh4doCCMWWIwEsP8F3mP1VnpPXCwmrtUjVoQVxm/4wV/SwhkTrw==}
    engines: {node: '>=20.0.0'}

  '@aws-sdk/nested-clients@3.997.39':
    resolution: {integrity: sha512-wU5NPnj62Sb7A8xn/Zb+xThe05P3otNtDl37iOIi5DDMeCesNeCckaG+eXWGUs12Z9R34I8CD05TaTe6SIa61g==}
    engines: {node: '>=20.0.0'}

  '@aws-sdk/signature-v4-multi-region@3.996.43':
    resolution: {integrity: sha512-lKekx8bLBXSv4O+cslk9Zfnw2XKSkWBs3uWL5QGhH2ZAQfNS7FE0vcSSN2vD/AhxX54ZTywWxR4STThoeOXlBA==}
    engines: {node: '>=20.0.0'}

  '@aws-sdk/token-providers@3.1100.0':
    resolution: {integrity: sha512-THf3MkgY3fNJZ3zdgSenLqR7gSE68KccCj1RCKretlG73Ppszvues02VpCUO9NlB/tZDC483FvGCld+AiPCkvg==}
    engines: {node: '>=20.0.0'}

  '@aws-sdk/types@3.974.2':
    resolution: {integrity: sha512-3W6IUtSxFbH6X7Wb7DzGCV5QiFQsd0g8bOfntpmDxQlzBoKWUMBu/JPQR0DwkE+Hpnxd6db1tXbOwdeHddG6cA==}
    engines: {node: '>=20.0.0'}

  '@aws-sdk/xml-builder@3.972.37':
    resolution: {integrity: sha512-zKq4HQum8JwDyEuyfuI4bbiAcU0KxP6qy+9PR/IsR92IyE/DaBAikzAS50tjxip4bqIIANpCcG+Yyj6CVhXupg==}
    engines: {node: '>=20.0.0'}

  '@aws/lambda-invoke-store@0.3.0':
    resolution: {integrity: sha512-sl4Bm6yiMNYrZKkqqDFWN0UfnWhlS8ivKxrYl+6t0gCLrqr8y3B2IqZZbFRkfaVVp7C/baApyh71P+LeE1A2sQ==}
    engines: {node: '>=18.0.0'}

  '@cspotcode/source-map-support@0.8.1':
    resolution: {integrity: sha512-IchNf6dN4tHoMFIn/7OE8LWZ19Y6q/67Bmf6vnGREv8RSbBVb9LPJxEcnwrcwX6ixSvaiGoomAUvu4YSxXrVgw==}
    engines: {node: '>=12'}

  '@jridgewell/resolve-uri@3.1.2':
    resolution: {integrity: sha512-bRISgCIjP20/tbWSPWMEi54QVPRZExkuD9lJL+UIxUKtwVJA8wW1Trb1jMs1RFXo1CBTNZ/5hpC9QvmKWdopKw==}
    engines: {node: '>=6.0.0'}

  '@jridgewell/sourcemap-codec@1.5.5':
    resolution: {integrity: sha512-cYQ9310grqxueWbl+WuIUIaiUaDcj7WOq5fVhEljNVgRfOUhY9fy2zTvfoqWsnebh8Sl70VScFbICvJnLKB0Og==}

  '@jridgewell/trace-mapping@0.3.9':
    resolution: {integrity: sha512-3Belt6tdc8bPgAtbcmdtNJlirVoTmEb5e2gC94PnkwEW9jI6CAHUeoG85tjWP5WquqfavoMtMwiG4P926ZKKuQ==}

  '@mongodb-js/saslprep@1.4.13':
    resolution: {integrity: sha512-E3Sv4eCYAlKYUTx8S3ioQcDUscOif+8zZ5OnW1IzJ+Tt+EO+ke8mn+Y3FX6N1H79picwbdOavVOb1jPi2EOyrg==}

  '@sillsdev/scripture@1.4.3':
    resolution: {integrity: sha512-45pQ8Fe+x1YhLj154RA6RWvY3NqDSMfBmvmdhZjew7d5Qv7EbWYf5LH/hjpIFjGtj7F0j9yM3KrwZ/6HQImTTQ==}

  '@smithy/core@3.31.1':
    resolution: {integrity: sha512-CyogUINxvi7C7LDsh8Syo6hVJOT9ckz4rG8dRZfTJ8r91HkMY59PnNooaj7WcHyxEkxPfBAmbgztZU+xTo76lg==}
    engines: {node: '>=18.0.0'}

  '@smithy/credential-provider-imds@4.4.16':
    resolution: {integrity: sha512-QfuLWAkLzptffFW980AFeHZFdqds2B64rpEd3uJ6lgs3xVn9QegGMUgUcj+4d7dRrAsya3r58ZKpku97WcFb4w==}
    engines: {node: '>=18.0.0'}

  '@smithy/fetch-http-handler@5.6.13':
    resolution: {integrity: sha512-4fW86pEUOMbrD5nkbyl/tTvPHHWJFbuB2odl6ps9lWfHoXf9HWh3Q/Smh59qH1g7+c/BSZghX6bbUk4gsiMs8A==}
    engines: {node: '>=18.0.0'}

  '@smithy/node-http-handler@4.9.13':
    resolution: {integrity: sha512-Nmd/Nl35zfYrd+a6OO2cDJb3GPh9bgTjIUhcM+JFfjpp8/osCgboDV5nCT1I01Pv6R13eSKDKLSoVa5ZB6Zsfw==}
    engines: {node: '>=18.0.0'}

  '@smithy/signature-v4@5.6.12':
    resolution: {integrity: sha512-I6KLtq3H0qqSuV9vLglfi8puHqzygzWHOnI4z/Rdoo+q50vvo18vBRdPAvvEtcaKROz7Zn6qnPa14kRfPH6PcQ==}
    engines: {node: '>=18.0.0'}

  '@smithy/types@4.16.1':
    resolution: {integrity: sha512-0JFs3V2y2M9tKW5na/qxe69Zv+uxLMO7QBbhxF/FHu/Gp2NFZAAL9tWl9PU02xxo07pb3G9FTyjNc6D5uZrJIg==}
    engines: {node: '>=18.0.0'}

  '@socket.io/component-emitter@3.1.2':
    resolution: {integrity: sha512-9BCxFwvbGg/RsZK9tjXd8s4UcwR0MWeFQ1XEKIQVVvAGJyINdrqKMcTRyLoK8Rse1GjzLV9cwjWV1olXRWEXVA==}

  '@tsconfig/node10@1.0.12':
    resolution: {integrity: sha512-UCYBaeFvM11aU2y3YPZ//O5Rhj+xKyzy7mvcIoAjASbigy8mHMryP5cK7dgjlz2hWxh1g5pLw084E0a/wlUSFQ==}

  '@tsconfig/node12@1.0.11':
    resolution: {integrity: sha512-cqefuRsh12pWyGsIoBKJA9luFu3mRxCA+ORZvA4ktLSzIuCUtWVxGIuXigEwO5/ywWFMZ2QEGKWvkZG1zDMTag==}

  '@tsconfig/node14@1.0.3':
    resolution: {integrity: sha512-ysT8mhdixWK6Hw3i1V2AeRqZ5WfXg1G43mqoYlM2nc6388Fq5jcXyr5mRsqViLx/GJYdoL0bfXD8nmF+Zn/Iow==}

  '@tsconfig/node16@1.0.4':
    resolution: {integrity: sha512-vxhUy4J8lyeyinH7Azl1pdd43GJhZH/tP2weN8TntQblOY+A0XbT8DJk1/oCPuOOyg/Ja757rG0CgHcWC8OfMA==}

  '@types/ajv-bsontype@1.0.4':
    resolution: {integrity: sha512-LjofxUYqvPY+5sJQQUtw8bAqB9NSHrfNTWnIqJly73inhmRIV+Aq0KAYVdbniMrZgkswZlXJ3YF03bzb+LpFeg==}

  '@types/bson@4.2.4':
    resolution: {integrity: sha512-SG23E3JDH6y8qF20a4G9txLuUl+TCV16gxsKyntmGiJez2V9VBJr1Y8WxTBBD6OgBVcvspQ7sxgdNMkXFVcaEA==}
    deprecated: This is a stub types definition. bson provides its own type definitions, so you do not need this installed.

  '@types/mongodb@3.6.20':
    resolution: {integrity: sha512-WcdpPJCakFzcWWD9juKoZbRtQxKIMYF/JIAM4JrNHrMcnJL6/a2NWjXxW7fo9hxboxxkg+icff8d7+WIEvKgYQ==}

  '@types/node@16.18.126':
    resolution: {integrity: sha512-OTcgaiwfGFBKacvfwuHzzn1KLxH/er8mluiy8/uM3sGXHaRe73RrSIj01jow9t4kJEW633Ov+cOexXeiApTyAw==}

  '@types/webidl-conversions@7.0.3':
    resolution: {integrity: sha512-CiJJvcRtIgzadHCYXw7dqEnMNRjhGZlYK05Mj9OyktqV8uVT8fD2BFOB7S1uwBE3Kj2Z+4UyPmFw/Ixgw/LAlA==}

  '@types/whatwg-url@8.2.2':
    resolution: {integrity: sha512-FtQu10RWgn3D9U4aazdwIE2yzphmTJREDqNdODHrbrZmmMqI0vMheC/6NE/J1Yveaj8H+ela+YwWTjq5PGmuhA==}

  '@types/ws@8.18.1':
    resolution: {integrity: sha512-ThVF6DCVhA8kUGy+aazFQ4kXQ7E1Ty7A3ypFOe0IcJV8O/M511G99AW24irKrW56Wt44yG9+ij8FaqoBGkuBXg==}

  '@types/yargs-parser@21.0.3':
    resolution: {integrity: sha512-I4q9QU9MQv4oEOz4tAHJtNz1cwuLxn2F3xcc2iV5WdqLPpUnj30aUuxt1mAxYTG+oe8CZMV/+6rU4S4gRDzqtQ==}

  '@types/yargs@17.0.35':
    resolution: {integrity: sha512-qUHkeCyQFxMXg79wQfTtfndEC+N9ZZg76HJftDJp+qH2tV7Gj4OJi7l+PiWwJ+pWtW8GwSmqsDj/oymhrTWXjg==}

  acorn-walk@8.3.5:
    resolution: {integrity: sha512-HEHNfbars9v4pgpW6SO1KSPkfoS0xVOM/9UzkJltjlsHZmJasxg8aXkuZa7SMf8vKGIBhpUsPluQSqhJFCqebw==}
    engines: {node: '>=0.4.0'}

  acorn@8.18.0:
    resolution: {integrity: sha512-lGq+9yr1/GuAWaVYIHRjvvySG5/4VfKIvC8EWxStPdcDh/Ka7FG3twP6v4d5BkravUilhIAsG4Qj83t02LWUPQ==}
    engines: {node: '>=0.4.0'}
    hasBin: true

  agent-base@6.0.2:
    resolution: {integrity: sha512-RZNwNclF7+MS/8bDg70amg32dyeZGZxiDuQmZxKLAlQjr3jGyLx+4Kkk58UO7D2QdgFIQCovuSuZESne6RG6XQ==}
    engines: {node: '>= 6.0.0'}

  ajv-bsontype@1.0.7:
    resolution: {integrity: sha512-9dnPihZV22Eqwn55V5VstmE641GDcFwG18BrBhsXTNrf52ASON8sAjomWd/KosAh4w+N7mKU8LB10TBp/cMQVQ==}

  ajv@8.20.0:
    resolution: {integrity: sha512-Thbli+OlOj+iMPYFBVBfJ3OmCAnaSyNn4M1vz9T6Gka5Jt9ba/HIR56joy65tY6kx/FCF5VXNB819Y7/GUrBGA==}

  ansi-regex@5.0.1:
    resolution: {integrity: sha512-quJQXlTSUGL2LH9SUXo8VwsY4soanhgo6LNSm84E1LBcE8s3O0wpdiRzyR9z/ZZJMlMWv37qOOb9pdJlMUEKFQ==}
    engines: {node: '>=8'}

  ansi-styles@4.3.0:
    resolution: {integrity: sha512-zbB9rCJAT1rbjiVDb2hqKFHNYLxgtk8NURxZ3IZwD3F6NtxbXZQCnnSi1Lkx+IDohdPlFp222wVALIheZJQSEg==}
    engines: {node: '>=8'}

  arg@4.1.3:
    resolution: {integrity: sha512-58S9QDqG0Xx27YwPSt9fJxivjYl432YCwfDMfZ+71RAqUrZef7LrKQZ3LHLOwCS4FLNBplP533Zx895SeOCHvA==}

  arraydiff@0.1.3:
    resolution: {integrity: sha512-t0OgO06uolEcMUvV8+yHc9Pc9pazh8wi/Dtyok/sQwvcr8iFV+P86IfAzK7upUDhI4oavhVREMY7iSWtm38LeA==}

  async@2.6.4:
    resolution: {integrity: sha512-mzo5dfJYwAn29PeiJ0zvwTo04zj8HDJj0Mn8TD7sno7q12prdbnasKJHhkm2c1LgrhlJ0teaea8860oxi51mGA==}

  asynckit@0.4.0:
    resolution: {integrity: sha512-Oei9OH4tRh0YqU3GxhX79dM/mwVgvbZJaSNaRk+bshkj0S5cfHcgYakreBjrHwatXKbz+IoIdYLxrKim2MjW0Q==}

  axios@1.19.0:
    resolution: {integrity: sha512-ht/iuYZXEjFxLH/Hkezgd7m6JKlHHXEUSneaDz8uZe1Gj5QZtCnpyDsckvAiEnT89OEbCLmnte4R4sn7P0EKFw==}

  base64-js@1.5.1:
    resolution: {integrity: sha512-AKpaYlHn8t4SVbOHCy+b5+KKgvR4vrsD8vbvrbiQJps7fKDTkjkDry6ji0rUJjC0kzbNePLwzxq8iypo41qeWA==}

  bowser@2.14.1:
    resolution: {integrity: sha512-tzPjzCxygAKWFOJP011oxFHs57HzIhOEracIgAePE4pqB3LikALKnSzUyU4MGs9/iCEUuHlAJTjTc5M+u7YEGg==}

  bson@4.7.2:
    resolution: {integrity: sha512-Ry9wCtIZ5kGqkJoi6aD8KjxFZEx78guTQDnpXWiNthsxzrxAK/i8E6pCHAIZTbaEFWcOCvbecMukfK7XUvyLpQ==}
    engines: {node: '>=6.9.0'}

  bson@7.3.1:
    resolution: {integrity: sha512-h/C0qe6857pQhcSJHLfsR1uYGj98Ge3wKAD3Ed9KqH3wcVh+BM4Jq4xISD7vs9OPuT07n+q3QQVjslJ286j6ag==}
    engines: {node: '>=20.19.0'}

  buffer@5.7.1:
    resolution: {integrity: sha512-EHcyIPBQ4BSGlvjB16k5KgAJ27CIsHY/2JBmCRReo48y9rQ3MaUzWX3KVlBa4U7MyX02HdVj0K7C3WaB3ju7FQ==}

  call-bind-apply-helpers@1.0.2:
    resolution: {integrity: sha512-Sp1ablJ0ivDkSzjcaJdxEunN5/XvksFJ2sMBFfq6x0ryhQV/2b/KwFe21cMpmHtPOSij8K99/wSfoEuTObmuMQ==}
    engines: {node: '>= 0.4'}

  cliui@8.0.1:
    resolution: {integrity: sha512-BSeNnyus75C4//NQ9gQt1/csTXyo/8Sb+afLAkzAptFuMsod9HFokGNudZpi/oQV73hnVK+sR+5PVRMd+Dr7YQ==}
    engines: {node: '>=12'}

  color-convert@2.0.1:
    resolution: {integrity: sha512-RRECPsj7iu/xb5oKYcsFHSppFNnsj/52OVTRKb4zP5onXwVF3zVmmToNcOfGC+CRDpfK/U584fMg38ZHCaElKQ==}
    engines: {node: '>=7.0.0'}

  color-name@1.1.4:
    resolution: {integrity: sha512-dOy+3AuW3a2wNbZHIuMZpTcgjGuLU/uBL/ubcZF9OXbDo8ff4O8yVp5Bf0efS8uEoYo5q4Fx7dY9OgQGXgAsQA==}

  combined-stream@1.0.8:
    resolution: {integrity: sha512-FQN4MRfuJeHf7cBbBMJFXhKSDq+2kAArBlmRBvcvFE5BB1HZKXtSFASDhdlz9zOYwxh8lDdnvmMOe/+5cdoEdg==}
    engines: {node: '>= 0.8'}

  create-require@1.1.1:
    resolution: {integrity: sha512-dcKFX3jn0MpIaXjisoRvexIJVEKzaq7z2rZKxf+MSr9TkdmHmsU4m2lcLojrj/FHl8mk5VxMmYA+ftRkP/3oKQ==}

  debug@4.4.3:
    resolution: {integrity: sha512-RGwwWnwQvkVfavKVt22FGLw+xYSdzARwm0ru6DhTVA3umU5hZc28V3kO4stgYryrTlLpuvgI9GiijltAjNbcqA==}
    engines: {node: '>=6.0'}
    peerDependencies:
      supports-color: '*'
    peerDependenciesMeta:
      supports-color:
        optional: true

  delayed-stream@1.0.0:
    resolution: {integrity: sha512-ZySD7Nf91aLB0RxL4KGrKHBXl7Eds1DAmEdcoVawXnLD7SDhpNgtuII2aAkg7a7QS41jxPSZ17p4VdGnMHk3MQ==}
    engines: {node: '>=0.4.0'}

  diff@4.0.4:
    resolution: {integrity: sha512-X07nttJQkwkfKfvTPG/KSnE2OMdcUCao6+eXF3wmnIQRn2aPAHH3VxDbDOdegkd6JbPsXqShpvEOHfAT+nCNwQ==}
    engines: {node: '>=0.3.1'}

  dunder-proto@1.0.1:
    resolution: {integrity: sha512-KIN/nDJBQRcXw0MLVhZE9iQHmG68qAVIBg9CqmUYjmQIhgij9U5MFvrqkUL5FbtyyzZuOeOt0zdeRe4UY7ct+A==}
    engines: {node: '>= 0.4'}

  emoji-regex@8.0.0:
    resolution: {integrity: sha512-MSjYzcWNOA0ewAHpz0MxpYFvwg6yjy1NG3xteoqz644VCo/RPgnr1/GGt+ic3iJTzQ8Eu3TdM14SawnVUmGE6A==}

  engine.io-client@6.6.6:
    resolution: {integrity: sha512-iY6QdftLQ9pyiPoX082bpf/u1UewnOaJrtJIF9T0++QB34lZrj0uP+Q/bj8AlUsAxqhnkTV2BS8SBZSxOmoV5Q==}

  engine.io-parser@5.2.3:
    resolution: {integrity: sha512-HqD3yTBfnBxIrbnM1DoD6Pcq8NECnh8d4As1Qgh0z5Gg3jRRIqijury0CL3ghu/edArpUYiYqQiDUQBIs4np3Q==}
    engines: {node: '>=10.0.0'}

  es-define-property@1.0.1:
    resolution: {integrity: sha512-e3nRfgfUZ4rNGL232gUgX06QNyyez04KdjFrF+LTRoOXmrOgFKDg4BCdsjW8EnT69eqdYGmRpJwiPVYNrCaW3g==}
    engines: {node: '>= 0.4'}

  es-errors@1.3.0:
    resolution: {integrity: sha512-Zf5H2Kxt2xjTvbJvP2ZWLEICxA6j+hAmMzIlypy4xcBg1vKVnx89Wy0GbS+kf5cwCVFFzdCFh2XSCFNULS6csw==}
    engines: {node: '>= 0.4'}

  es-object-atoms@1.1.2:
    resolution: {integrity: sha512-HWcBoN6NileqtSydK2FqHbS/LoDd2pqrnQHLyJzBj4kOp/ky2MWMN694xOfkK8/SnUsW2DH7EfyVlydKCsm1Zw==}
    engines: {node: '>= 0.4'}

  es-set-tostringtag@2.1.0:
    resolution: {integrity: sha512-j6vWzfrGVfyXxge+O0x5sh6cvxAog0a/4Rdd2K36zCMV5eJ+/+tOAngRO8cODMNWbVRdVlmGZQL2YS3yR8bIUA==}
    engines: {node: '>= 0.4'}

  escalade@3.2.0:
    resolution: {integrity: sha512-WUj2qlxaQtO4g6Pq5c29GTcWGDyd8itL8zTlipgECz3JesAiiOKotd8JU6otB3PACgG6xkJUyVhboMS+bje/jA==}
    engines: {node: '>=6'}

  fast-deep-equal@2.0.1:
    resolution: {integrity: sha512-bCK/2Z4zLidyB4ReuIsvALH6w31YfAQDmXMqMx6FyfHqvBxtjC0eRumeSu4Bs3XtXwpyIywtSTrVT99BxY1f9w==}

  fast-deep-equal@3.1.3:
    resolution: {integrity: sha512-f3qQ9oQy9j2AhBe/H9VC91wLmKBCCU/gDOnKNAYG5hswO7BLKj09Hc5HYNz9cGI++xlpDCIgDaitVs03ATR84Q==}

  fast-diff@1.2.0:
    resolution: {integrity: sha512-xJuoT5+L99XlZ8twedaRf6Ax2TgQVxvgZOYoPKqZufmJib0tL2tegPBOZb1pVNgIhlqDlA0eO0c3wBvQcmzx4w==}

  fast-diff@1.3.0:
    resolution: {integrity: sha512-VxPP4NqbUjj6MaAOafWeUn2cXWLcCtljklUtZf0Ind4XQ+QPtmA0b18zZy0jIQx+ExRVCR/ZQpBmik5lXshNsw==}

  fast-uri@3.1.6:
    resolution: {integrity: sha512-7Ical1vFEMr0onbVzEDIreM22I4khW+fzyQPwvAFWBp1iwdshSZRsL4jjRvPG9JP1uiqMHRto+YU6R2/CzDz5Q==}

  follow-redirects@1.16.0:
    resolution: {integrity: sha512-y5rN/uOsadFT/JfYwhxRS5R7Qce+g3zG97+JrtFZlC9klX/W5hD7iiLzScI4nZqUS7DNUdhPgw4xI8W2LuXlUw==}
    engines: {node: '>=4.0'}
    peerDependencies:
      debug: '*'
    peerDependenciesMeta:
      debug:
        optional: true

  form-data@4.0.6:
    resolution: {integrity: sha512-vKatAh4SlVfgbv+YtmhiRjhEMJsYpsG1Y2rMQtR+SVSbytsSD1YGzDIcrAJmdFec88u/+VoGmxnl+80gL1tRCQ==}
    engines: {node: '>= 6'}

  function-bind@1.1.2:
    resolution: {integrity: sha512-7XHNxH7qX9xG5mIwxkhumTox/MIRNcOgDrxWsMt2pAr23WHp6MrRlN7FBSFpCpr+oVO0F744iUgR82nJMfG2SA==}

  get-caller-file@2.0.5:
    resolution: {integrity: sha512-DyFP3BM/3YHTQOCUL/w0OZHR0lpKeGrxotcHWcqNEdnltqFwXVfhEBQ94eIo34AfQpo0rGki4cyIiftY06h2Fg==}
    engines: {node: 6.* || 8.* || >= 10.*}

  get-intrinsic@1.3.0:
    resolution: {integrity: sha512-9fSjSaos/fRIVIp+xSJlE6lfwhES7LNtKaCBIamHsjr2na1BiABJPo0mOjjz8GJDURarmCPGqaiVg5mfjb98CQ==}
    engines: {node: '>= 0.4'}

  get-proto@1.0.1:
    resolution: {integrity: sha512-sTSfBjoXBp89JvIKIefqw7U2CCebsc74kiY6awiGogKtoSGbgjYE/G/+l9sF3MWFPNc9IcoOC4ODfKHfxFmp0g==}
    engines: {node: '>= 0.4'}

  gopd@1.2.0:
    resolution: {integrity: sha512-ZUKRh6/kUFoAiTAtTYPZJ3hw9wNxx+BIBOijnlG9PnrJsCcSjs1wyyD6vJpaYtgnzDrKYRSqf3OO6Rfa93xsRg==}
    engines: {node: '>= 0.4'}

  has-symbols@1.1.0:
    resolution: {integrity: sha512-1cDNdwJ2Jaohmb3sg4OmKaMBwuC48sYni5HUw2DvsC8LjGTLK9h+eb1X6RyuOHe4hT0ULCW68iomhjUoKUqlPQ==}
    engines: {node: '>= 0.4'}

  has-tostringtag@1.0.2:
    resolution: {integrity: sha512-NqADB8VjPFLM2V0VvHUewwwsw0ZWBaIdgo+ieHtK3hasLz4qeCRjYcqfB6AQrBggRKppKF8L52/VqdVsO47Dlw==}
    engines: {node: '>= 0.4'}

  hasown@2.0.4:
    resolution: {integrity: sha512-T2UbfbBEF32wiepXIsMlTW9+dDYC6wMh/t/vYA4tuOMKqWz/n3vr1NFSxQiyP+zk2mXsoMA/i/7qV6LKut1t1A==}
    engines: {node: '>= 0.4'}

  hat@0.0.3:
    resolution: {integrity: sha512-zpImx2GoKXy42fVDSEad2BPKuSQdLcqsCYa48K3zHSzM/ugWuYjLDr8IXxpVuL7uCLHw56eaiLxCRthhOzf5ug==}

  https-proxy-agent@5.0.1:
    resolution: {integrity: sha512-dFcAjpTQFgoLMzC2VwU+C/CbS7uRL0lWmxDITmqm7C+7F0Odmj6s9l6alZc6AELXhrnggM2CeWSXHGOdX2YtwA==}
    engines: {node: '>= 6'}

  ieee754@1.2.1:
    resolution: {integrity: sha512-dcyqhDvX1C46lXZcVqCpK+FtMRQVdIMN6/Df5js2zouUsqG7I6sFxitIC+7KYK29KdXOLHdu9zL4sFnoVQnqaA==}

  ip-address@10.4.0:
    resolution: {integrity: sha512-oSK96Grm3aP6OrS263xVxbNDGVL7rzBtYdpGqlDG8iQdoenDoTs/nkki+DflYbAEE8Xl6o5YxhxlrKvI3nqKXQ==}
    engines: {node: '>= 12'}

  is-fullwidth-code-point@3.0.0:
    resolution: {integrity: sha512-zymm5+u+sCsSWyD9qNaejV3DFvhCKclKdizYaJUuHA83RLjb7nSuGnddCHGv0hk+KY7BMAlsWeK4Ueg6EV6XQg==}
    engines: {node: '>=8'}

  json-schema-traverse@1.0.0:
    resolution: {integrity: sha512-NM8/P9n3XjXhIZn1lLhkFaACTOURQXjWhV4BA/RnOv8xvgqtqpAX9IO4mRQxSx1Rlo4tqzeqb0sOlruaOy3dug==}

  lodash.clonedeep@4.5.0:
    resolution: {integrity: sha512-H5ZhCF25riFd9uB5UCkVKo61m3S/xZk1x4wA6yp/L3RFP6Z/eHH1ymQcGLo7J3GMPfm0V/7m1tryHuGVxpqEBQ==}

  lodash.isequal@4.5.0:
    resolution: {integrity: sha512-pDo3lu8Jhfjqls6GkMgpahsF9kCyayhgykjyLMNFTKWrpVdAQtYyB4muAMWozBB4ig/dtWAmsMxLEI8wuz+DYQ==}
    deprecated: This package is deprecated. Use require('node:util').isDeepStrictEqual instead.

  lodash@4.18.1:
    resolution: {integrity: sha512-dMInicTPVE8d1e5otfwmmjlxkZoUpiVLwyeTdUsi/Caj/gfzzblBcCE5sRHV/AsjuCmxWrte2TNGSYuCeCq+0Q==}

  make-error@1.3.6:
    resolution: {integrity: sha512-s8UhlNe7vPKomQhC1qFelMokr/Sc3AgNbso3n74mVPA5LTZwkB9NlXf4XPamLxJE8h0gh73rM94xvwRT2CVInw==}

  math-intrinsics@1.1.0:
    resolution: {integrity: sha512-/IXtbwEk5HTPyEwyKX6hGkYXxM9nbj64B+ilVJnC/R6B0pH5G4V3b0pVbL7DBj4tkhBAppbQUlf6F6Xl9LHu1g==}
    engines: {node: '>= 0.4'}

  memory-pager@1.5.0:
    resolution: {integrity: sha512-ZS4Bp4r/Zoeq6+NLJpP+0Zzm0pR8whtGPf1XExKLJBAczGMnSi3It14OiNCStjQjM6NU1okjQGSxgEZN8eBYKg==}

  mime-db@1.52.0:
    resolution: {integrity: sha512-sPU4uV7dYlvtWJxwwxHD0PuihVNiE7TyAbQ5SWxDCB9mUYvOgroQOwYQQOKPJ8CIbE+1ETVlOoK1UC2nU3gYvg==}
    engines: {node: '>= 0.6'}

  mime-types@2.1.35:
    resolution: {integrity: sha512-ZDY+bPm5zTTF+YpCrAU9nK0UgICYPT0QtT1NZWFv4s++TNkcgVaT0g6+4R2uI4MjQjzysHB1zxuWL50hzaeXiw==}
    engines: {node: '>= 0.6'}

  mingo@4.4.1:
    resolution: {integrity: sha512-aig/3anjeJ8VcXLqDQmB/iO8Z8BVzln2BeWcyeI5NtOiLMAQ5xX00QHX9piy8OBAC9pSDYWErY8MHoh8nlCHig==}

  mongodb-connection-string-url@2.6.0:
    resolution: {integrity: sha512-WvTZlI9ab0QYtTYnuMLgobULWhokRjtC7db9LtcVfJ+Hsnyr5eo6ZtNAt3Ly24XZScGMelOcGtm7lSn0332tPQ==}

  mongodb@4.17.2:
    resolution: {integrity: sha512-mLV7SEiov2LHleRJPMPrK2PMyhXFZt2UQLC4VD4pnth3jMjYKHhtqfwwkkvS/NXuo/Fp3vbhaNcXrIDaLRb9Tg==}
    engines: {node: '>=12.9.0'}

  ms@2.1.3:
    resolution: {integrity: sha512-6FlzubTLZG3J2a/NVCAleEhjzq5oxgHyaCU9yYXvcLsvoVaHJq/s5xXI6/XXP6tz7R9xAOtHnSO/tXtF3WRTlA==}

  ot-json0@1.1.0:
    resolution: {integrity: sha512-wf5fci7GGpMYRDnbbdIFQymvhsbFACMHtxjivQo5KgvAHlxekyfJ9aPsRr6YfFQthQkk4bmsl5yESrZwC/oMYQ==}

  proxy-from-env@2.1.0:
    resolution: {integrity: sha512-cJ+oHTW1VAEa8cJslgmUZrc+sjRKgAKl3Zyse6+PV38hZe/V6Z14TbCuXcan9F9ghlz4QrFr2c92TNF82UkYHA==}
    engines: {node: '>=10'}

  punycode@2.3.1:
    resolution: {integrity: sha512-vYt7UD1U9Wg6138shLtLOvdAu+8DsC/ilFtEVHcH+wydcSpNE20AfSOduf6MkRFahL5FY7X1oU7nKVZFtfq8Fg==}
    engines: {node: '>=6'}

  quill-delta@4.2.2:
    resolution: {integrity: sha512-qjbn82b/yJzOjstBgkhtBjN2TNK+ZHP/BgUQO+j6bRhWQQdmj2lH6hXG7+nwwLF41Xgn//7/83lxs9n2BkTtTg==}

  require-directory@2.1.1:
    resolution: {integrity: sha512-fGxEI7+wsG9xrvdjsrlmL22OMTTiHRwAMroiEeMgq8gzoLC/PQr7RsRDSTLUg/bZAZtF+TVIkHc6/4RIKrui+Q==}
    engines: {node: '>=0.10.0'}

  require-from-string@2.0.2:
    resolution: {integrity: sha512-Xf0nWe6RseziFMu+Ap9biiUbmplq6S9/p+7w7YXP/JBHhrUDDUhwa+vANyubuqfZWTveU//DYVGsDG7RKL/vEw==}
    engines: {node: '>=0.10.0'}

  rich-text@4.1.0:
    resolution: {integrity: sha512-zQg80us6AfopS7s2YPsU+jfLX1RJaOdd6w26Jz4Al1G73AMzqDLTIZSnr0I7HTdCIU1gcGSMDlhq2v4IfoKfbg==}
    engines: {node: '>=0.10'}

  sharedb-access@5.0.0:
    resolution: {integrity: sha512-qXMZp/gA8ANLeWA4ChSwIv7DSJt9JLXX8lQWEFXFINT0/D+anX1s6U7+BR1DU1DWg5wy3mtgfFLGLIcZhNzsVw==}

  sharedb-mingo-memory@1.2.0:
    resolution: {integrity: sha512-KXGiSQbhfu+s/q7slBBjQrRaNJ85D4qdK+fOj89TE989A3E3dG4RUEmDpYXQRQmLOeE0ZvfAjmkIH11z344WrQ==}
    peerDependencies:
      sharedb: ^1.0.0-beta || ^2.0.0

  sharedb-mongo@1.0.0:
    resolution: {integrity: sha512-qzLsrrl+/KPUjNShrwUbprvr1lEl/l/KuzkwAez4Dw7okJPvktcdv30AuoihILEC2Xv66CHZUrDmxscbF+tbzg==}

  sharedb@1.9.2:
    resolution: {integrity: sha512-YioIGNOjITm+loRrGYSCF1S6tbid15MUHloQN7035tAbDlJuveHmxnQ/6e/CguAFsGvFom2zfj3xUJLXGaTyYg==}

  smart-buffer@4.2.0:
    resolution: {integrity: sha512-94hK0Hh8rPqQl2xXc3HsaBoOXKV20MToPkcXvwbISWLEs+64sBq5kFgn2kJDHb1Pry9yrP0dxrCI9RRci7RXKg==}
    engines: {node: '>= 6.0.0', npm: '>= 3.0.0'}

  socket.io-client@4.8.3:
    resolution: {integrity: sha512-uP0bpjWrjQmUt5DTHq9RuoCBdFJF10cdX9X+a368j/Ft0wmaVgxlrjvK3kjvgCODOMMOz9lcaRzxmso0bTWZ/g==}
    engines: {node: '>=10.0.0'}

  socket.io-parser@4.2.7:
    resolution: {integrity: sha512-IH/iSeO9T6gz1KkFleGDWkG9N3dl4jXVYUtMhIqH10Md0ttMer8nUNWiP1DKuNrybD2xBrixLJdCC9J6ECoYkg==}
    engines: {node: '>=10.0.0'}

  socks@2.8.9:
    resolution: {integrity: sha512-LJhUYUvItdQ0LkJTmPeaEObWXAqFyfmP85x0tch/ez9cahmhlBBLbIqDFnvBnUJGagb0JbIQrkBs1wJ+yRYpEw==}
    engines: {node: '>= 10.0.0', npm: '>= 3.0.0'}

  sparse-bitfield@3.0.3:
    resolution: {integrity: sha512-kvzhi7vqKTfkh0PZU+2D2PIllw2ymqJKujUcyPMd9Y75Nv4nPbGJZXNhxsgdQab2BmlDct1YnfQCguEvHr7VsQ==}

  string-width@4.2.3:
    resolution: {integrity: sha512-wKyQRQpjJ0sIp62ErSZdGsjMJWsap5oRNihHhu6G7JVO/9jIB6UyevL+tXuOqrng8j/cxKTWyWUwvSTriiZz/g==}
    engines: {node: '>=8'}

  strip-ansi@6.0.1:
    resolution: {integrity: sha512-Y38VPSHcqkFrCpFnQ9vuSXmquuv5oXOKpGeT6aGrr3o3Gc9AlVa6JBfUSOCnbxGGZF+/0ooI7KrPuUSztUdU5A==}
    engines: {node: '>=8'}

  tr46@3.0.0:
    resolution: {integrity: sha512-l7FvfAHlcmulp8kr+flpQZmVwtu7nfRV7NZujtN0OqES8EL4O4e0qqzL0DC5gAvx/ZC/9lk6rhcUwYvkBnBnYA==}
    engines: {node: '>=12'}

  ts-node@10.9.2:
    resolution: {integrity: sha512-f0FFpIdcHgn8zcPSbf1dRevwt047YMnaiJM3u2w2RewrB+fob/zePZcrOyQoLMMO7aBIddLcQIEK5dYjkLnGrQ==}
    hasBin: true
    peerDependencies:
      '@swc/core': '>=1.2.50'
      '@swc/wasm': '>=1.2.50'
      '@types/node': '*'
      typescript: '>=2.7'
    peerDependenciesMeta:
      '@swc/core':
        optional: true
      '@swc/wasm':
        optional: true

  tslib@2.8.1:
    resolution: {integrity: sha512-oJFu94HQb+KVduSUQL7wnpmqnfmLsOA/nAh6b6EH0wCEoK0/mPeXU6c3wKDV83MkOuHPRHtSXKKU99IBazS/2w==}

  typescript@5.9.3:
    resolution: {integrity: sha512-jl1vZzPDinLr9eUt3J/t7V6FgNEw9QjvBPdysz9KfQDD41fQrC2Y4vKQdiaUpFT4bXlb1RHhLpp8wtm6M5TgSw==}
    engines: {node: '>=14.17'}
    hasBin: true

  v8-compile-cache-lib@3.0.1:
    resolution: {integrity: sha512-wa7YjyUGfNZngI/vtK0UHAN+lgDCxBPCylVXGp0zu59Fz5aiGtNXaq3DhIov063MorB+VfufLh3JlF2KdTK3xg==}

  webidl-conversions@7.0.0:
    resolution: {integrity: sha512-VwddBukDzu71offAQR975unBIGqfKZpM+8ZX6ySk8nYhVoo5CYaZyzt3YBvYtRtO+aoGlqxPg/B87NGVZ/fu6g==}
    engines: {node: '>=12'}

  whatwg-url@11.0.0:
    resolution: {integrity: sha512-RKT8HExMpoYx4igMiVMY83lN6UeITKJlBQ+vR/8ZJ8OCdSiN3RwCq+9gH0+Xzj0+5IrM6i4j/6LuvzbZIQgEcQ==}
    engines: {node: '>=12'}

  wrap-ansi@7.0.0:
    resolution: {integrity: sha512-YVGIj2kamLSTxw6NsZjoBxfSwsn0ycdesmc4p+Q21c5zPuZ1pl+NfxVdxPtdHvmNVOQ6XSYG4AUtyt/Fi7D16Q==}
    engines: {node: '>=10'}

  ws@8.21.1:
    resolution: {integrity: sha512-+0NTnW77fFN/DjQi6k/Sq/Yvk4Sgajw7urW8V+asjXnRgDs9gyGkdb7EzgfhA4goXsRIZKE28fzIXBHEzhuiWw==}
    engines: {node: '>=10.0.0'}
    peerDependencies:
      bufferutil: ^4.0.1
      utf-8-validate: '>=5.0.2'
    peerDependenciesMeta:
      bufferutil:
        optional: true
      utf-8-validate:
        optional: true

  xmlhttprequest-ssl@2.1.2:
    resolution: {integrity: sha512-TEU+nJVUUnA4CYJFLvK5X9AOeH4KvDvhIfm0vV1GaQRtchnG0hgK5p8hw/xjv8cunWYCsiPCSDzObPyhEwq3KQ==}
    engines: {node: '>=0.4.0'}

  y18n@5.0.8:
    resolution: {integrity: sha512-0pfFzegeDWJHJIAmTLRP2DwHjdF5s7jo9tuztdQxAhINCdvS+3nGINqPd00AphqJR/0LhANUS6/+7SCb98YOfA==}
    engines: {node: '>=10'}

  yargs-parser@21.1.1:
    resolution: {integrity: sha512-tVpsJW7DdjecAiFpbIB1e3qxIQsE6NoPc5/eTdrbbIC4h0LVsWhnoa3g+m2HclBIujHzsxZ4VJVA+GUuc2/LBw==}
    engines: {node: '>=12'}

  yargs@17.7.3:
    resolution: {integrity: sha512-GZtjxm/J/4TSxuL3FNYjCmLktBTnIw/rVmKSIyKeYAZpmJB2ig9VauCC5xsa82GNKVKDAqpOn3KVzNt0zmrU0g==}
    engines: {node: '>=12'}

  yn@3.1.1:
    resolution: {integrity: sha512-Ux4ygGWsu2c7isFWe8Yu1YluJmqVhxqK2cLXNQA5AcC3QfbGNpM7fu0Y8b/z16pXLnFxZYvWhd3fhBY9DLmC6Q==}
    engines: {node: '>=6'}

snapshots:

  '@aws-sdk/core@3.977.4':
    dependencies:
      '@aws-sdk/types': 3.974.2
      '@aws-sdk/xml-builder': 3.972.37
      '@aws/lambda-invoke-store': 0.3.0
      '@smithy/core': 3.31.1
      '@smithy/signature-v4': 5.6.12
      '@smithy/types': 4.16.1
      bowser: 2.14.1
      tslib: 2.8.1
    optional: true

  '@aws-sdk/credential-provider-cognito-identity@3.972.64':
    dependencies:
      '@aws-sdk/nested-clients': 3.997.39
      '@aws-sdk/types': 3.974.2
      '@smithy/core': 3.31.1
      '@smithy/types': 4.16.1
      tslib: 2.8.1
    optional: true

  '@aws-sdk/credential-provider-env@3.972.65':
    dependencies:
      '@aws-sdk/core': 3.977.4
      '@aws-sdk/types': 3.974.2
      '@smithy/core': 3.31.1
      '@smithy/types': 4.16.1
      tslib: 2.8.1
    optional: true

  '@aws-sdk/credential-provider-http@3.972.67':
    dependencies:
      '@aws-sdk/core': 3.977.4
      '@aws-sdk/types': 3.974.2
      '@smithy/core': 3.31.1
      '@smithy/fetch-http-handler': 5.6.13
      '@smithy/node-http-handler': 4.9.13
      '@smithy/types': 4.16.1
      tslib: 2.8.1
    optional: true

  '@aws-sdk/credential-provider-ini@3.973.10':
    dependencies:
      '@aws-sdk/core': 3.977.4
      '@aws-sdk/credential-provider-env': 3.972.65
      '@aws-sdk/credential-provider-http': 3.972.67
      '@aws-sdk/credential-provider-login': 3.972.72
      '@aws-sdk/credential-provider-process': 3.972.65
      '@aws-sdk/credential-provider-sso': 3.973.9
      '@aws-sdk/credential-provider-web-identity': 3.972.71
      '@aws-sdk/nested-clients': 3.997.39
      '@aws-sdk/types': 3.974.2
      '@smithy/core': 3.31.1
      '@smithy/credential-provider-imds': 4.4.16
      '@smithy/types': 4.16.1
      tslib: 2.8.1
    optional: true

  '@aws-sdk/credential-provider-login@3.972.72':
    dependencies:
      '@aws-sdk/core': 3.977.4
      '@aws-sdk/nested-clients': 3.997.39
      '@aws-sdk/types': 3.974.2
      '@smithy/core': 3.31.1
      '@smithy/types': 4.16.1
      tslib: 2.8.1
    optional: true

  '@aws-sdk/credential-provider-node@3.972.76':
    dependencies:
      '@aws-sdk/credential-provider-env': 3.972.65
      '@aws-sdk/credential-provider-http': 3.972.67
      '@aws-sdk/credential-provider-ini': 3.973.10
      '@aws-sdk/credential-provider-process': 3.972.65
      '@aws-sdk/credential-provider-sso': 3.973.9
      '@aws-sdk/credential-provider-web-identity': 3.972.71
      '@aws-sdk/types': 3.974.2
      '@smithy/core': 3.31.1
      '@smithy/credential-provider-imds': 4.4.16
      '@smithy/types': 4.16.1
      tslib: 2.8.1
    optional: true

  '@aws-sdk/credential-provider-process@3.972.65':
    dependencies:
      '@aws-sdk/core': 3.977.4
      '@aws-sdk/types': 3.974.2
      '@smithy/core': 3.31.1
      '@smithy/types': 4.16.1
      tslib: 2.8.1
    optional: true

  '@aws-sdk/credential-provider-sso@3.973.9':
    dependencies:
      '@aws-sdk/core': 3.977.4
      '@aws-sdk/nested-clients': 3.997.39
      '@aws-sdk/token-providers': 3.1100.0
      '@aws-sdk/types': 3.974.2
      '@smithy/core': 3.31.1
      '@smithy/types': 4.16.1
      tslib: 2.8.1
    optional: true

  '@aws-sdk/credential-provider-web-identity@3.972.71':
    dependencies:
      '@aws-sdk/core': 3.977.4
      '@aws-sdk/nested-clients': 3.997.39
      '@aws-sdk/types': 3.974.2
      '@smithy/core': 3.31.1
      '@smithy/types': 4.16.1
      tslib: 2.8.1
    optional: true

  '@aws-sdk/credential-providers@3.1101.0':
    dependencies:
      '@aws-sdk/core': 3.977.4
      '@aws-sdk/credential-provider-cognito-identity': 3.972.64
      '@aws-sdk/credential-provider-env': 3.972.65
      '@aws-sdk/credential-provider-http': 3.972.67
      '@aws-sdk/credential-provider-ini': 3.973.10
      '@aws-sdk/credential-provider-login': 3.972.72
      '@aws-sdk/credential-provider-node': 3.972.76
      '@aws-sdk/credential-provider-process': 3.972.65
      '@aws-sdk/credential-provider-sso': 3.973.9
      '@aws-sdk/credential-provider-web-identity': 3.972.71
      '@aws-sdk/nested-clients': 3.997.39
      '@aws-sdk/types': 3.974.2
      '@smithy/core': 3.31.1
      '@smithy/credential-provider-imds': 4.4.16
      '@smithy/types': 4.16.1
      tslib: 2.8.1
    optional: true

  '@aws-sdk/nested-clients@3.997.39':
    dependencies:
      '@aws-sdk/core': 3.977.4
      '@aws-sdk/signature-v4-multi-region': 3.996.43
      '@aws-sdk/types': 3.974.2
      '@smithy/core': 3.31.1
      '@smithy/fetch-http-handler': 5.6.13
      '@smithy/node-http-handler': 4.9.13
      '@smithy/types': 4.16.1
      tslib: 2.8.1
    optional: true

  '@aws-sdk/signature-v4-multi-region@3.996.43':
    dependencies:
      '@aws-sdk/types': 3.974.2
      '@smithy/signature-v4': 5.6.12
      '@smithy/types': 4.16.1
      tslib: 2.8.1
    optional: true

  '@aws-sdk/token-providers@3.1100.0':
    dependencies:
      '@aws-sdk/core': 3.977.4
      '@aws-sdk/nested-clients': 3.997.39
      '@aws-sdk/types': 3.974.2
      '@smithy/core': 3.31.1
      '@smithy/types': 4.16.1
      tslib: 2.8.1
    optional: true

  '@aws-sdk/types@3.974.2':
    dependencies:
      '@smithy/types': 4.16.1
      tslib: 2.8.1
    optional: true

  '@aws-sdk/xml-builder@3.972.37':
    dependencies:
      '@smithy/types': 4.16.1
      tslib: 2.8.1
    optional: true

  '@aws/lambda-invoke-store@0.3.0':
    optional: true

  '@cspotcode/source-map-support@0.8.1':
    dependencies:
      '@jridgewell/trace-mapping': 0.3.9

  '@jridgewell/resolve-uri@3.1.2': {}

  '@jridgewell/sourcemap-codec@1.5.5': {}

  '@jridgewell/trace-mapping@0.3.9':
    dependencies:
      '@jridgewell/resolve-uri': 3.1.2
      '@jridgewell/sourcemap-codec': 1.5.5

  '@mongodb-js/saslprep@1.4.13':
    dependencies:
      sparse-bitfield: 3.0.3
    optional: true

  '@sillsdev/scripture@1.4.3': {}

  '@smithy/core@3.31.1':
    dependencies:
      '@smithy/types': 4.16.1
      tslib: 2.8.1
    optional: true

  '@smithy/credential-provider-imds@4.4.16':
    dependencies:
      '@smithy/core': 3.31.1
      '@smithy/types': 4.16.1
      tslib: 2.8.1
    optional: true

  '@smithy/fetch-http-handler@5.6.13':
    dependencies:
      '@smithy/core': 3.31.1
      '@smithy/types': 4.16.1
      tslib: 2.8.1
    optional: true

  '@smithy/node-http-handler@4.9.13':
    dependencies:
      '@smithy/core': 3.31.1
      '@smithy/types': 4.16.1
      tslib: 2.8.1
    optional: true

  '@smithy/signature-v4@5.6.12':
    dependencies:
      '@smithy/core': 3.31.1
      '@smithy/types': 4.16.1
      tslib: 2.8.1
    optional: true

  '@smithy/types@4.16.1':
    dependencies:
      tslib: 2.8.1
    optional: true

  '@socket.io/component-emitter@3.1.2': {}

  '@tsconfig/node10@1.0.12': {}

  '@tsconfig/node12@1.0.11': {}

  '@tsconfig/node14@1.0.3': {}

  '@tsconfig/node16@1.0.4': {}

  '@types/ajv-bsontype@1.0.4':
    dependencies:
      ajv: 8.20.0

  '@types/bson@4.2.4':
    dependencies:
      bson: 7.3.1

  '@types/mongodb@3.6.20':
    dependencies:
      '@types/bson': 4.2.4
      '@types/node': 16.18.126

  '@types/node@16.18.126': {}

  '@types/webidl-conversions@7.0.3': {}

  '@types/whatwg-url@8.2.2':
    dependencies:
      '@types/node': 16.18.126
      '@types/webidl-conversions': 7.0.3

  '@types/ws@8.18.1':
    dependencies:
      '@types/node': 16.18.126

  '@types/yargs-parser@21.0.3': {}

  '@types/yargs@17.0.35':
    dependencies:
      '@types/yargs-parser': 21.0.3

  acorn-walk@8.3.5:
    dependencies:
      acorn: 8.18.0

  acorn@8.18.0: {}

  agent-base@6.0.2:
    dependencies:
      debug: 4.4.3
    transitivePeerDependencies:
      - supports-color

  ajv-bsontype@1.0.7: {}

  ajv@8.20.0:
    dependencies:
      fast-deep-equal: 3.1.3
      fast-uri: 3.1.6
      json-schema-traverse: 1.0.0
      require-from-string: 2.0.2

  ansi-regex@5.0.1: {}

  ansi-styles@4.3.0:
    dependencies:
      color-convert: 2.0.1

  arg@4.1.3: {}

  arraydiff@0.1.3: {}

  async@2.6.4:
    dependencies:
      lodash: 4.18.1

  asynckit@0.4.0: {}

  axios@1.19.0:
    dependencies:
      follow-redirects: 1.16.0
      form-data: 4.0.6
      https-proxy-agent: 5.0.1
      proxy-from-env: 2.1.0
    transitivePeerDependencies:
      - debug
      - supports-color

  base64-js@1.5.1: {}

  bowser@2.14.1:
    optional: true

  bson@4.7.2:
    dependencies:
      buffer: 5.7.1

  bson@7.3.1: {}

  buffer@5.7.1:
    dependencies:
      base64-js: 1.5.1
      ieee754: 1.2.1

  call-bind-apply-helpers@1.0.2:
    dependencies:
      es-errors: 1.3.0
      function-bind: 1.1.2

  cliui@8.0.1:
    dependencies:
      string-width: 4.2.3
      strip-ansi: 6.0.1
      wrap-ansi: 7.0.0

  color-convert@2.0.1:
    dependencies:
      color-name: 1.1.4

  color-name@1.1.4: {}

  combined-stream@1.0.8:
    dependencies:
      delayed-stream: 1.0.0

  create-require@1.1.1: {}

  debug@4.4.3:
    dependencies:
      ms: 2.1.3

  delayed-stream@1.0.0: {}

  diff@4.0.4: {}

  dunder-proto@1.0.1:
    dependencies:
      call-bind-apply-helpers: 1.0.2
      es-errors: 1.3.0
      gopd: 1.2.0

  emoji-regex@8.0.0: {}

  engine.io-client@6.6.6:
    dependencies:
      '@socket.io/component-emitter': 3.1.2
      debug: 4.4.3
      engine.io-parser: 5.2.3
      ws: 8.21.1
      xmlhttprequest-ssl: 2.1.2
    transitivePeerDependencies:
      - bufferutil
      - supports-color
      - utf-8-validate

  engine.io-parser@5.2.3: {}

  es-define-property@1.0.1: {}

  es-errors@1.3.0: {}

  es-object-atoms@1.1.2:
    dependencies:
      es-errors: 1.3.0

  es-set-tostringtag@2.1.0:
    dependencies:
      es-errors: 1.3.0
      get-intrinsic: 1.3.0
      has-tostringtag: 1.0.2
      hasown: 2.0.4

  escalade@3.2.0: {}

  fast-deep-equal@2.0.1: {}

  fast-deep-equal@3.1.3: {}

  fast-diff@1.2.0: {}

  fast-diff@1.3.0: {}

  fast-uri@3.1.6: {}

  follow-redirects@1.16.0: {}

  form-data@4.0.6:
    dependencies:
      asynckit: 0.4.0
      combined-stream: 1.0.8
      es-set-tostringtag: 2.1.0
      hasown: 2.0.4
      mime-types: 2.1.35

  function-bind@1.1.2: {}

  get-caller-file@2.0.5: {}

  get-intrinsic@1.3.0:
    dependencies:
      call-bind-apply-helpers: 1.0.2
      es-define-property: 1.0.1
      es-errors: 1.3.0
      es-object-atoms: 1.1.2
      function-bind: 1.1.2
      get-proto: 1.0.1
      gopd: 1.2.0
      has-symbols: 1.1.0
      hasown: 2.0.4
      math-intrinsics: 1.1.0

  get-proto@1.0.1:
    dependencies:
      dunder-proto: 1.0.1
      es-object-atoms: 1.1.2

  gopd@1.2.0: {}

  has-symbols@1.1.0: {}

  has-tostringtag@1.0.2:
    dependencies:
      has-symbols: 1.1.0

  hasown@2.0.4:
    dependencies:
      function-bind: 1.1.2

  hat@0.0.3: {}

  https-proxy-agent@5.0.1:
    dependencies:
      agent-base: 6.0.2
      debug: 4.4.3
    transitivePeerDependencies:
      - supports-color

  ieee754@1.2.1: {}

  ip-address@10.4.0: {}

  is-fullwidth-code-point@3.0.0: {}

  json-schema-traverse@1.0.0: {}

  lodash.clonedeep@4.5.0: {}

  lodash.isequal@4.5.0: {}

  lodash@4.18.1: {}

  make-error@1.3.6: {}

  math-intrinsics@1.1.0: {}

  memory-pager@1.5.0:
    optional: true

  mime-db@1.52.0: {}

  mime-types@2.1.35:
    dependencies:
      mime-db: 1.52.0

  mingo@4.4.1: {}

  mongodb-connection-string-url@2.6.0:
    dependencies:
      '@types/whatwg-url': 8.2.2
      whatwg-url: 11.0.0

  mongodb@4.17.2:
    dependencies:
      bson: 4.7.2
      mongodb-connection-string-url: 2.6.0
      socks: 2.8.9
    optionalDependencies:
      '@aws-sdk/credential-providers': 3.1101.0
      '@mongodb-js/saslprep': 1.4.13

  ms@2.1.3: {}

  ot-json0@1.1.0: {}

  proxy-from-env@2.1.0: {}

  punycode@2.3.1: {}

  quill-delta@4.2.2:
    dependencies:
      fast-diff: 1.2.0
      lodash.clonedeep: 4.5.0
      lodash.isequal: 4.5.0

  require-directory@2.1.1: {}

  require-from-string@2.0.2: {}

  rich-text@4.1.0:
    dependencies:
      quill-delta: 4.2.2

  sharedb-access@5.0.0:
    dependencies:
      debug: 4.4.3
      lodash: 4.18.1
    transitivePeerDependencies:
      - supports-color

  sharedb-mingo-memory@1.2.0(sharedb@1.9.2):
    dependencies:
      lodash.clonedeep: 4.5.0
      mingo: 4.4.1
      sharedb: 1.9.2

  sharedb-mongo@1.0.0:
    dependencies:
      async: 2.6.4
      mongodb: 4.17.2
      sharedb: 1.9.2

  sharedb@1.9.2:
    dependencies:
      arraydiff: 0.1.3
      async: 2.6.4
      fast-deep-equal: 2.0.1
      hat: 0.0.3
      ot-json0: 1.1.0

  smart-buffer@4.2.0: {}

  socket.io-client@4.8.3:
    dependencies:
      '@socket.io/component-emitter': 3.1.2
      debug: 4.4.3
      engine.io-client: 6.6.6
      socket.io-parser: 4.2.7
    transitivePeerDependencies:
      - bufferutil
      - supports-color
      - utf-8-validate

  socket.io-parser@4.2.7:
    dependencies:
      '@socket.io/component-emitter': 3.1.2
      debug: 4.4.3
    transitivePeerDependencies:
      - supports-color

  socks@2.8.9:
    dependencies:
      ip-address: 10.4.0
      smart-buffer: 4.2.0

  sparse-bitfield@3.0.3:
    dependencies:
      memory-pager: 1.5.0
    optional: true

  string-width@4.2.3:
    dependencies:
      emoji-regex: 8.0.0
      is-fullwidth-code-point: 3.0.0
      strip-ansi: 6.0.1

  strip-ansi@6.0.1:
    dependencies:
      ansi-regex: 5.0.1

  tr46@3.0.0:
    dependencies:
      punycode: 2.3.1

  ts-node@10.9.2(@types/node@16.18.126)(typescript@5.9.3):
    dependencies:
      '@cspotcode/source-map-support': 0.8.1
      '@tsconfig/node10': 1.0.12
      '@tsconfig/node12': 1.0.11
      '@tsconfig/node14': 1.0.3
      '@tsconfig/node16': 1.0.4
      '@types/node': 16.18.126
      acorn: 8.18.0
      acorn-walk: 8.3.5
      arg: 4.1.3
      create-require: 1.1.1
      diff: 4.0.4
      make-error: 1.3.6
      typescript: 5.9.3
      v8-compile-cache-lib: 3.0.1
      yn: 3.1.1

  tslib@2.8.1: {}

  typescript@5.9.3: {}

  v8-compile-cache-lib@3.0.1: {}

  webidl-conversions@7.0.0: {}

  whatwg-url@11.0.0:
    dependencies:
      tr46: 3.0.0
      webidl-conversions: 7.0.0

  wrap-ansi@7.0.0:
    dependencies:
      ansi-styles: 4.3.0
      string-width: 4.2.3
      strip-ansi: 6.0.1

  ws@8.21.1: {}

  xmlhttprequest-ssl@2.1.2: {}

  y18n@5.0.8: {}

  yargs-parser@21.1.1: {}

  yargs@17.7.3:
    dependencies:
      cliui: 8.0.1
      escalade: 3.2.0
      get-caller-file: 2.0.5
      require-directory: 2.1.1
      string-width: 4.2.3
      y18n: 5.0.8
      yargs-parser: 21.1.1

  yn@3.1.1: {}
