
Microsoft Visual Studio Solution File, Format Version 12.00
# Visual Studio Version 17
VisualStudioVersion = 17.5.33627.172
MinimumVisualStudioVersion = 10.0.40219.1
Project("{FAE04EC0-301F-11D3-BF4B-00C04F79EFBC}") = "RepoInfo", "RepoInfo.csproj", "{98153D5D-C126-4CB7-9174-7ECFBB4E1A53}"
EndProject
Global
	GlobalSection(SolutionConfigurationPlatforms) = preSolution
		Debug|Any CPU = Debug|Any CPU
		Release|Any CPU = Release|Any CPU
	EndGlobalSection
	GlobalSection(ProjectConfigurationPlatforms) = postSolution
		{98153D5D-C126-4CB7-9174-7ECFBB4E1A53}.Debug|Any CPU.ActiveCfg = Debug|Any CPU
		{98153D5D-C126-4CB7-9174-7ECFBB4E1A53}.Debug|Any CPU.Build.0 = Debug|Any CPU
		{98153D5D-C126-4CB7-9174-7ECFBB4E1A53}.Release|Any CPU.ActiveCfg = Release|Any CPU
		{98153D5D-C126-4CB7-9174-7ECFBB4E1A53}.Release|Any CPU.Build.0 = Release|Any CPU
	EndGlobalSection
	GlobalSection(SolutionProperties) = preSolution
		HideSolutionNode = FALSE
	EndGlobalSection
	GlobalSection(ExtensibilityGlobals) = postSolution
		SolutionGuid = {9BDDCD5B-EFE8-4CE2-B5EB-B7D64D15E454}
	EndGlobalSection
EndGlobal
